
Microsoft Visual Studio Solution File, Format Version 9.00
# Visual Studio 2005
Project("{8BC9CEB8-8B4A-11D0-8D11-00A0C91BC942}") = "concordance", "..\concordance\win\concordance.vcproj", "{472FC1A1-C379-4F65-AFD1-41996F052726}"
EndProject
Project("{8BC9CEB8-8B4A-11D0-8D11-00A0C91BC942}") = "consnoop", "..\consnoop\win\consnoop.vcproj", "{46ECABEE-2B85-4499-8CE9-83B439BF1C0A}"
EndProject
Project("{8BC9CEB8-8B4A-11D0-8D11-00A0C91BC942}") = "libconcord_libusb", "..\libconcord\win\libconcord_libusb.vcproj", "{83FE8ADF-8BCC-40E2-B12A-60F0D6F97790}"
EndProject
Project("{8BC9CEB8-8B4A-11D0-8D11-00A0C91BC942}") = "libconcord_winhid", "..\libconcord\win\libconcord_winhid.vcproj", "{0665485E-2249-4FD8-BE9C-CCC0C3BBF3A8}"
EndProject
Global
	GlobalSection(SolutionConfigurationPlatforms) = preSolution
		Debug|Win32 = Debug|Win32
		Release|Win32 = Release|Win32
	EndGlobalSection
	GlobalSection(ProjectConfigurationPlatforms) = postSolution
		{472FC1A1-C379-4F65-AFD1-41996F052726}.Debug|Win32.ActiveCfg = Debug|Win32
		{472FC1A1-C379-4F65-AFD1-41996F052726}.Debug|Win32.Build.0 = Debug|Win32
		{472FC1A1-C379-4F65-AFD1-41996F052726}.Release|Win32.ActiveCfg = Release|Win32
		{472FC1A1-C379-4F65-AFD1-41996F052726}.Release|Win32.Build.0 = Release|Win32
		{46ECABEE-2B85-4499-8CE9-83B439BF1C0A}.Debug|Win32.ActiveCfg = Debug|Win32
		{46ECABEE-2B85-4499-8CE9-83B439BF1C0A}.Debug|Win32.Build.0 = Debug|Win32
		{46ECABEE-2B85-4499-8CE9-83B439BF1C0A}.Release|Win32.ActiveCfg = Release|Win32
		{46ECABEE-2B85-4499-8CE9-83B439BF1C0A}.Release|Win32.Build.0 = Release|Win32
		{83FE8ADF-8BCC-40E2-B12A-60F0D6F97790}.Debug|Win32.ActiveCfg = Debug|Win32
		{83FE8ADF-8BCC-40E2-B12A-60F0D6F97790}.Debug|Win32.Build.0 = Debug|Win32
		{83FE8ADF-8BCC-40E2-B12A-60F0D6F97790}.Release|Win32.ActiveCfg = Release|Win32
		{83FE8ADF-8BCC-40E2-B12A-60F0D6F97790}.Release|Win32.Build.0 = Release|Win32
		{0665485E-2249-4FD8-BE9C-CCC0C3BBF3A8}.Debug|Win32.ActiveCfg = Debug|Win32
		{0665485E-2249-4FD8-BE9C-CCC0C3BBF3A8}.Debug|Win32.Build.0 = Debug|Win32
		{0665485E-2249-4FD8-BE9C-CCC0C3BBF3A8}.Release|Win32.ActiveCfg = Release|Win32
		{0665485E-2249-4FD8-BE9C-CCC0C3BBF3A8}.Release|Win32.Build.0 = Release|Win32
	EndGlobalSection
	GlobalSection(SolutionProperties) = preSolution
		HideSolutionNode = FALSE
	EndGlobalSection
EndGlobal
